
Microsoft Visual Studio Solution File, Format Version 12.00
# Visual Studio Version 17
VisualStudioVersion = 17.7.34031.279
MinimumVisualStudioVersion = 10.0.40219.1
Project("{9A19103F-16F7-4668-BE54-9A1E7A4F7556}") = "Application", "Application\Application.csproj", "{C440BE9F-E473-4662-A98B-6FF283A869AC}"
EndProject
Project("{FAE04EC0-301F-11D3-BF4B-00C04F79EFBC}") = "WebAPI", "WebAPI\WebAPI.csproj", "{1636F078-D38D-4562-9F1B-A47AA3101DE9}"
EndProject
Global
	GlobalSection(SolutionConfigurationPlatforms) = preSolution
		Debug|Any CPU = Debug|Any CPU
		Release|Any CPU = Release|Any CPU
	EndGlobalSection
	GlobalSection(ProjectConfigurationPlatforms) = postSolution
		{E2027294-E49A-46AD-AD21-181D6A36ABF5}.Debug|Any CPU.ActiveCfg = Debug|Any CPU
		{E2027294-E49A-46AD-AD21-181D6A36ABF5}.Debug|Any CPU.Build.0 = Debug|Any CPU
		{E2027294-E49A-46AD-AD21-181D6A36ABF5}.Release|Any CPU.ActiveCfg = Release|Any CPU
		{E2027294-E49A-46AD-AD21-181D6A36ABF5}.Release|Any CPU.Build.0 = Release|Any CPU
		{F51EE056-69D0-4156-BB94-CDEB32AA1426}.Debug|Any CPU.ActiveCfg = Debug|Any CPU
		{F51EE056-69D0-4156-BB94-CDEB32AA1426}.Debug|Any CPU.Build.0 = Debug|Any CPU
		{F51EE056-69D0-4156-BB94-CDEB32AA1426}.Release|Any CPU.ActiveCfg = Release|Any CPU
		{F51EE056-69D0-4156-BB94-CDEB32AA1426}.Release|Any CPU.Build.0 = Release|Any CPU
		{5CB680EB-C010-484B-A025-4A2C4EC75453}.Debug|Any CPU.ActiveCfg = Debug|Any CPU
		{5CB680EB-C010-484B-A025-4A2C4EC75453}.Debug|Any CPU.Build.0 = Debug|Any CPU
		{5CB680EB-C010-484B-A025-4A2C4EC75453}.Release|Any CPU.ActiveCfg = Release|Any CPU
		{5CB680EB-C010-484B-A025-4A2C4EC75453}.Release|Any CPU.Build.0 = Release|Any CPU
		{C440BE9F-E473-4662-A98B-6FF283A869AC}.Debug|Any CPU.ActiveCfg = Debug|Any CPU
		{C440BE9F-E473-4662-A98B-6FF283A869AC}.Debug|Any CPU.Build.0 = Debug|Any CPU
		{C440BE9F-E473-4662-A98B-6FF283A869AC}.Release|Any CPU.ActiveCfg = Release|Any CPU
		{C440BE9F-E473-4662-A98B-6FF283A869AC}.Release|Any CPU.Build.0 = Release|Any CPU
		{1636F078-D38D-4562-9F1B-A47AA3101DE9}.Debug|Any CPU.ActiveCfg = Debug|Any CPU
		{1636F078-D38D-4562-9F1B-A47AA3101DE9}.Debug|Any CPU.Build.0 = Debug|Any CPU
		{1636F078-D38D-4562-9F1B-A47AA3101DE9}.Release|Any CPU.ActiveCfg = Release|Any CPU
		{1636F078-D38D-4562-9F1B-A47AA3101DE9}.Release|Any CPU.Build.0 = Release|Any CPU
	EndGlobalSection
	GlobalSection(SolutionProperties) = preSolution
		HideSolutionNode = FALSE
	EndGlobalSection
	GlobalSection(ExtensibilityGlobals) = postSolution
		SolutionGuid = {2BEDC18A-CA8D-4FA0-90C3-B5C73ED687C2}
	EndGlobalSection
EndGlobal
